// !$*UTF8*$!
{
	archiveVersion = 1;
	classes = {
	};
	objectVersion = 56;
	objects = {

/* Begin PBXBuildFile section */
		922BD78D2BC9C7B5004F502E /* RegistrationView.swift in Sources */ = {isa = PBXBuildFile; fileRef = 922BD78C2BC9C7B5004F502E /* RegistrationView.swift */; };
		922BD7902BC9CD24004F502E /* ThreadsTextFieldModifier.swift in Sources */ = {isa = PBXBuildFile; fileRef = 922BD78F2BC9CD24004F502E /* ThreadsTextFieldModifier.swift */; };
		922BD7932BC9D013004F502E /* ThreadsTabView.swift in Sources */ = {isa = PBXBuildFile; fileRef = 922BD7922BC9D013004F502E /* ThreadsTabView.swift */; };
		92AE3DC92BC0C5E700F0F7D5 /* ThreadsApp.swift in Sources */ = {isa = PBXBuildFile; fileRef = 92AE3DC82BC0C5E700F0F7D5 /* ThreadsApp.swift */; };
		92AE3DCB2BC0C5E700F0F7D5 /* ContentView.swift in Sources */ = {isa = PBXBuildFile; fileRef = 92AE3DCA2BC0C5E700F0F7D5 /* ContentView.swift */; };
		92AE3DCD2BC0C5E800F0F7D5 /* Assets.xcassets in Resources */ = {isa = PBXBuildFile; fileRef = 92AE3DCC2BC0C5E800F0F7D5 /* Assets.xcassets */; };
		92AE3DD02BC0C5E800F0F7D5 /* Preview Assets.xcassets in Resources */ = {isa = PBXBuildFile; fileRef = 92AE3DCF2BC0C5E800F0F7D5 /* Preview Assets.xcassets */; };
		92AE3DE52BC0D03600F0F7D5 /* LoginView.swift in Sources */ = {isa = PBXBuildFile; fileRef = 92AE3DE42BC0D03600F0F7D5 /* LoginView.swift */; };
/* End PBXBuildFile section */

/* Begin PBXFileReference section */
		922BD78C2BC9C7B5004F502E /* RegistrationView.swift */ = {isa = PBXFileReference; lastKnownFileType = sourcecode.swift; path = RegistrationView.swift; sourceTree = "<group>"; };
		922BD78F2BC9CD24004F502E /* ThreadsTextFieldModifier.swift */ = {isa = PBXFileReference; lastKnownFileType = sourcecode.swift; path = ThreadsTextFieldModifier.swift; sourceTree = "<group>"; };
		922BD7922BC9D013004F502E /* ThreadsTabView.swift */ = {isa = PBXFileReference; lastKnownFileType = sourcecode.swift; path = ThreadsTabView.swift; sourceTree = "<group>"; };
		92AE3DC52BC0C5E700F0F7D5 /* Threads.app */ = {isa = PBXFileReference; explicitFileType = wrapper.application; includeInIndex = 0; path = Threads.app; sourceTree = BUILT_PRODUCTS_DIR; };
		92AE3DC82BC0C5E700F0F7D5 /* ThreadsApp.swift */ = {isa = PBXFileReference; lastKnownFileType = sourcecode.swift; path = ThreadsApp.swift; sourceTree = "<group>"; };
		92AE3DCA2BC0C5E700F0F7D5 /* ContentView.swift */ = {isa = PBXFileReference; lastKnownFileType = sourcecode.swift; path = ContentView.swift; sourceTree = "<group>"; };
		92AE3DCC2BC0C5E800F0F7D5 /* Assets.xcassets */ = {isa = PBXFileReference; lastKnownFileType = folder.assetcatalog; path = Assets.xcassets; sourceTree = "<group>"; };
		92AE3DCF2BC0C5E800F0F7D5 /* Preview Assets.xcassets */ = {isa = PBXFileReference; lastKnownFileType = folder.assetcatalog; path = "Preview Assets.xcassets"; sourceTree = "<group>"; };
		92AE3DE42BC0D03600F0F7D5 /* LoginView.swift */ = {isa = PBXFileReference; lastKnownFileType = sourcecode.swift; path = LoginView.swift; sourceTree = "<group>"; };
/* End PBXFileReference section */

/* Begin PBXFrameworksBuildPhase section */
		92AE3DC22BC0C5E700F0F7D5 /* Frameworks */ = {
			isa = PBXFrameworksBuildPhase;
			buildActionMask = 2147483647;
			files = (
			);
			runOnlyForDeploymentPostprocessing = 0;
		};
/* End PBXFrameworksBuildPhase section */

/* Begin PBXGroup section */
		922BD78E2BC9CD12004F502E /* ViewModifiers */ = {
			isa = PBXGroup;
			children = (
				922BD78F2BC9CD24004F502E /* ThreadsTextFieldModifier.swift */,
			);
			path = ViewModifiers;
			sourceTree = "<group>";
		};
		922BD7912BC9CFE9004F502E /* TabBar */ = {
			isa = PBXGroup;
			children = (
				922BD7922BC9D013004F502E /* ThreadsTabView.swift */,
			);
			path = TabBar;
			sourceTree = "<group>";
		};
		92AE3DBC2BC0C5E700F0F7D5 = {
			isa = PBXGroup;
			children = (
				92AE3DC72BC0C5E700F0F7D5 /* Threads */,
				92AE3DC62BC0C5E700F0F7D5 /* Products */,
			);
			sourceTree = "<group>";
		};
		92AE3DC62BC0C5E700F0F7D5 /* Products */ = {
			isa = PBXGroup;
			children = (
				92AE3DC52BC0C5E700F0F7D5 /* Threads.app */,
			);
			name = Products;
			sourceTree = "<group>";
		};
		92AE3DC72BC0C5E700F0F7D5 /* Threads */ = {
			isa = PBXGroup;
			children = (
				92AE3DE02BC0CFCD00F0F7D5 /* App */,
				92AE3DDF2BC0CFCB00F0F7D5 /* Core */,
				92AE3DDE2BC0CFC900F0F7D5 /* Extensions */,
				92AE3DDD2BC0CFC700F0F7D5 /* Models */,
				92AE3DDC2BC0CFC600F0F7D5 /* Services */,
				92AE3DDB2BC0CFBD00F0F7D5 /* Utils */,
				92AE3DCA2BC0C5E700F0F7D5 /* ContentView.swift */,
				92AE3DCC2BC0C5E800F0F7D5 /* Assets.xcassets */,
				92AE3DCE2BC0C5E800F0F7D5 /* Preview Content */,
			);
			path = Threads;
			sourceTree = "<group>";
		};
		92AE3DCE2BC0C5E800F0F7D5 /* Preview Content */ = {
			isa = PBXGroup;
			children = (
				92AE3DCF2BC0C5E800F0F7D5 /* Preview Assets.xcassets */,
			);
			path = "Preview Content";
			sourceTree = "<group>";
		};
		92AE3DDB2BC0CFBD00F0F7D5 /* Utils */ = {
			isa = PBXGroup;
			children = (
				922BD78E2BC9CD12004F502E /* ViewModifiers */,
			);
			path = Utils;
			sourceTree = "<group>";
		};
		92AE3DDC2BC0CFC600F0F7D5 /* Services */ = {
			isa = PBXGroup;
			children = (
			);
			path = Services;
			sourceTree = "<group>";
		};
		92AE3DDD2BC0CFC700F0F7D5 /* Models */ = {
			isa = PBXGroup;
			children = (
			);
			path = Models;
			sourceTree = "<group>";
		};
		92AE3DDE2BC0CFC900F0F7D5 /* Extensions */ = {
			isa = PBXGroup;
			children = (
			);
			path = Extensions;
			sourceTree = "<group>";
		};
		92AE3DDF2BC0CFCB00F0F7D5 /* Core */ = {
			isa = PBXGroup;
			children = (
				92AE3DE12BC0CFEE00F0F7D5 /* Authentication */,
				92AE3DE22BC0D00900F0F7D5 /* Root */,
				922BD7912BC9CFE9004F502E /* TabBar */,
			);
			path = Core;
			sourceTree = "<group>";
		};
		92AE3DE02BC0CFCD00F0F7D5 /* App */ = {
			isa = PBXGroup;
			children = (
				92AE3DC82BC0C5E700F0F7D5 /* ThreadsApp.swift */,
			);
			path = App;
			sourceTree = "<group>";
		};
		92AE3DE12BC0CFEE00F0F7D5 /* Authentication */ = {
			isa = PBXGroup;
			children = (
				92AE3DE32BC0D02A00F0F7D5 /* Views */,
			);
			path = Authentication;
			sourceTree = "<group>";
		};
		92AE3DE22BC0D00900F0F7D5 /* Root */ = {
			isa = PBXGroup;
			children = (
			);
			path = Root;
			sourceTree = "<group>";
		};
		92AE3DE32BC0D02A00F0F7D5 /* Views */ = {
			isa = PBXGroup;
			children = (
				92AE3DE42BC0D03600F0F7D5 /* LoginView.swift */,
				922BD78C2BC9C7B5004F502E /* RegistrationView.swift */,
			);
			path = Views;
			sourceTree = "<group>";
		};
/* End PBXGroup section */

/* Begin PBXNativeTarget section */
		92AE3DC42BC0C5E700F0F7D5 /* Threads */ = {
			isa = PBXNativeTarget;
			buildConfigurationList = 92AE3DD82BC0C5E800F0F7D5 /* Build configuration list for PBXNativeTarget "Threads" */;
			buildPhases = (
				92AE3DC12BC0C5E700F0F7D5 /* Sources */,
				92AE3DC22BC0C5E700F0F7D5 /* Frameworks */,
				92AE3DC32BC0C5E700F0F7D5 /* Resources */,
			);
			buildRules = (
			);
			dependencies = (
			);
			name = Threads;
			productName = Threads;
			productReference = 92AE3DC52BC0C5E700F0F7D5 /* Threads.app */;
			productType = "com.apple.product-type.application";
		};
/* End PBXNativeTarget section */

/* Begin PBXProject section */
		92AE3DBD2BC0C5E700F0F7D5 /* Project object */ = {
			isa = PBXProject;
			attributes = {
				BuildIndependentTargetsInParallel = 1;
				LastSwiftUpdateCheck = 1510;
				LastUpgradeCheck = 1510;
				TargetAttributes = {
					92AE3DC42BC0C5E700F0F7D5 = {
						CreatedOnToolsVersion = 15.1;
					};
				};
			};
			buildConfigurationList = 92AE3DC02BC0C5E700F0F7D5 /* Build configuration list for PBXProject "Threads" */;
			compatibilityVersion = "Xcode 14.0";
			developmentRegion = en;
			hasScannedForEncodings = 0;
			knownRegions = (
				en,
				Base,
			);
			mainGroup = 92AE3DBC2BC0C5E700F0F7D5;
			productRefGroup = 92AE3DC62BC0C5E700F0F7D5 /* Products */;
			projectDirPath = "";
			projectRoot = "";
			targets = (
				92AE3DC42BC0C5E700F0F7D5 /* Threads */,
			);
		};
/* End PBXProject section */

/* Begin PBXResourcesBuildPhase section */
		92AE3DC32BC0C5E700F0F7D5 /* Resources */ = {
			isa = PBXResourcesBuildPhase;
			buildActionMask = 2147483647;
			files = (
				92AE3DD02BC0C5E800F0F7D5 /* Preview Assets.xcassets in Resources */,
				92AE3DCD2BC0C5E800F0F7D5 /* Assets.xcassets in Resources */,
			);
			runOnlyForDeploymentPostprocessing = 0;
		};
/* End PBXResourcesBuildPhase section */

/* Begin PBXSourcesBuildPhase section */
		92AE3DC12BC0C5E700F0F7D5 /* Sources */ = {
			isa = PBXSourcesBuildPhase;
			buildActionMask = 2147483647;
			files = (
				92AE3DE52BC0D03600F0F7D5 /* LoginView.swift in Sources */,
				92AE3DCB2BC0C5E700F0F7D5 /* ContentView.swift in Sources */,
				922BD7932BC9D013004F502E /* ThreadsTabView.swift in Sources */,
				922BD7902BC9CD24004F502E /* ThreadsTextFieldModifier.swift in Sources */,
				92AE3DC92BC0C5E700F0F7D5 /* ThreadsApp.swift in Sources */,
				922BD78D2BC9C7B5004F502E /* RegistrationView.swift in Sources */,
			);
			runOnlyForDeploymentPostprocessing = 0;
		};
/* End PBXSourcesBuildPhase section */

/* Begin XCBuildConfiguration section */
		92AE3DD62BC0C5E800F0F7D5 /* Debug */ = {
			isa = XCBuildConfiguration;
			buildSettings = {
				ALWAYS_SEARCH_USER_PATHS = NO;
				ASSETCATALOG_COMPILER_GENERATE_SWIFT_ASSET_SYMBOL_EXTENSIONS = YES;
				CLANG_ANALYZER_NONNULL = YES;
				CLANG_ANALYZER_NUMBER_OBJECT_CONVERSION = YES_AGGRESSIVE;
				CLANG_CXX_LANGUAGE_STANDARD = "gnu++20";
				CLANG_ENABLE_MODULES = YES;
				CLANG_ENABLE_OBJC_ARC = YES;
				CLANG_ENABLE_OBJC_WEAK = YES;
				CLANG_WARN_BLOCK_CAPTURE_AUTORELEASING = YES;
				CLANG_WARN_BOOL_CONVERSION = YES;
				CLANG_WARN_COMMA = YES;
				CLANG_WARN_CONSTANT_CONVERSION = YES;
				CLANG_WARN_DEPRECATED_OBJC_IMPLEMENTATIONS = YES;
				CLANG_WARN_DIRECT_OBJC_ISA_USAGE = YES_ERROR;
				CLANG_WARN_DOCUMENTATION_COMMENTS = YES;
				CLANG_WARN_EMPTY_BODY = YES;
				CLANG_WARN_ENUM_CONVERSION = YES;
				CLANG_WARN_INFINITE_RECURSION = YES;
				CLANG_WARN_INT_CONVERSION = YES;
				CLANG_WARN_NON_LITERAL_NULL_CONVERSION = YES;
				CLANG_WARN_OBJC_IMPLICIT_RETAIN_SELF = YES;
				CLANG_WARN_OBJC_LITERAL_CONVERSION = YES;
				CLANG_WARN_OBJC_ROOT_CLASS = YES_ERROR;
				CLANG_WARN_QUOTED_INCLUDE_IN_FRAMEWORK_HEADER = YES;
				CLANG_WARN_RANGE_LOOP_ANALYSIS = YES;
				CLANG_WARN_STRICT_PROTOTYPES = YES;
				CLANG_WARN_SUSPICIOUS_MOVE = YES;
				CLANG_WARN_UNGUARDED_AVAILABILITY = YES_AGGRESSIVE;
				CLANG_WARN_UNREACHABLE_CODE = YES;
				CLANG_WARN__DUPLICATE_METHOD_MATCH = YES;
				COPY_PHASE_STRIP = NO;
				DEBUG_INFORMATION_FORMAT = dwarf;
				ENABLE_STRICT_OBJC_MSGSEND = YES;
				ENABLE_TESTABILITY = YES;
				ENABLE_USER_SCRIPT_SANDBOXING = YES;
				GCC_C_LANGUAGE_STANDARD = gnu17;
				GCC_DYNAMIC_NO_PIC = NO;
				GCC_NO_COMMON_BLOCKS = YES;
				GCC_OPTIMIZATION_LEVEL = 0;
				GCC_PREPROCESSOR_DEFINITIONS = (
					"DEBUG=1",
					"$(inherited)",
				);
				GCC_WARN_64_TO_32_BIT_CONVERSION = YES;
				GCC_WARN_ABOUT_RETURN_TYPE = YES_ERROR;
				GCC_WARN_UNDECLARED_SELECTOR = YES;
				GCC_WARN_UNINITIALIZED_AUTOS = YES_AGGRESSIVE;
				GCC_WARN_UNUSED_FUNCTION = YES;
				GCC_WARN_UNUSED_VARIABLE = YES;
				IPHONEOS_DEPLOYMENT_TARGET = 17.2;
				LOCALIZATION_PREFERS_STRING_CATALOGS = YES;
				MTL_ENABLE_DEBUG_INFO = INCLUDE_SOURCE;
				MTL_FAST_MATH = YES;
				ONLY_ACTIVE_ARCH = YES;
				SDKROOT = iphoneos;
				SWIFT_ACTIVE_COMPILATION_CONDITIONS = "DEBUG $(inherited)";
				SWIFT_OPTIMIZATION_LEVEL = "-Onone";
			};
			name = Debug;
		};
		92AE3DD72BC0C5E800F0F7D5 /* Release */ = {
			isa = XCBuildConfiguration;
			buildSettings = {
				ALWAYS_SEARCH_USER_PATHS = NO;
				ASSETCATALOG_COMPILER_GENERATE_SWIFT_ASSET_SYMBOL_EXTENSIONS = YES;
				CLANG_ANALYZER_NONNULL = YES;
				CLANG_ANALYZER_NUMBER_OBJECT_CONVERSION = YES_AGGRESSIVE;
				CLANG_CXX_LANGUAGE_STANDARD = "gnu++20";
				CLANG_ENABLE_MODULES = YES;
				CLANG_ENABLE_OBJC_ARC = YES;
				CLANG_ENABLE_OBJC_WEAK = YES;
				CLANG_WARN_BLOCK_CAPTURE_AUTORELEASING = YES;
				CLANG_WARN_BOOL_CONVERSION = YES;
				CLANG_WARN_COMMA = YES;
				CLANG_WARN_CONSTANT_CONVERSION = YES;
				CLANG_WARN_DEPRECATED_OBJC_IMPLEMENTATIONS = YES;
				CLANG_WARN_DIRECT_OBJC_ISA_USAGE = YES_ERROR;
				CLANG_WARN_DOCUMENTATION_COMMENTS = YES;
				CLANG_WARN_EMPTY_BODY = YES;
				CLANG_WARN_ENUM_CONVERSION = YES;
				CLANG_WARN_INFINITE_RECURSION = YES;
				CLANG_WARN_INT_CONVERSION = YES;
				CLANG_WARN_NON_LITERAL_NULL_CONVERSION = YES;
				CLANG_WARN_OBJC_IMPLICIT_RETAIN_SELF = YES;
				CLANG_WARN_OBJC_LITERAL_CONVERSION = YES;
				CLANG_WARN_OBJC_ROOT_CLASS = YES_ERROR;
				CLANG_WARN_QUOTED_INCLUDE_IN_FRAMEWORK_HEADER = YES;
				CLANG_WARN_RANGE_LOOP_ANALYSIS = YES;
				CLANG_WARN_STRICT_PROTOTYPES = YES;
				CLANG_WARN_SUSPICIOUS_MOVE = YES;
				CLANG_WARN_UNGUARDED_AVAILABILITY = YES_AGGRESSIVE;
				CLANG_WARN_UNREACHABLE_CODE = YES;
				CLANG_WARN__DUPLICATE_METHOD_MATCH = YES;
				COPY_PHASE_STRIP = NO;
				DEBUG_INFORMATION_FORMAT = "dwarf-with-dsym";
				ENABLE_NS_ASSERTIONS = NO;
				ENABLE_STRICT_OBJC_MSGSEND = YES;
				ENABLE_USER_SCRIPT_SANDBOXING = YES;
				GCC_C_LANGUAGE_STANDARD = gnu17;
				GCC_NO_COMMON_BLOCKS = YES;
				GCC_WARN_64_TO_32_BIT_CONVERSION = YES;
				GCC_WARN_ABOUT_RETURN_TYPE = YES_ERROR;
				GCC_WARN_UNDECLARED_SELECTOR = YES;
				GCC_WARN_UNINITIALIZED_AUTOS = YES_AGGRESSIVE;
				GCC_WARN_UNUSED_FUNCTION = YES;
				GCC_WARN_UNUSED_VARIABLE = YES;
				IPHONEOS_DEPLOYMENT_TARGET = 17.2;
				LOCALIZATION_PREFERS_STRING_CATALOGS = YES;
				MTL_ENABLE_DEBUG_INFO = NO;
				MTL_FAST_MATH = YES;
				SDKROOT = iphoneos;
				SWIFT_COMPILATION_MODE = wholemodule;
				VALIDATE_PRODUCT = YES;
			};
			name = Release;
		};
		92AE3DD92BC0C5E800F0F7D5 /* Debug */ = {
			isa = XCBuildConfiguration;
			buildSettings = {
				ASSETCATALOG_COMPILER_APPICON_NAME = AppIcon;
				ASSETCATALOG_COMPILER_GLOBAL_ACCENT_COLOR_NAME = AccentColor;
				CODE_SIGN_STYLE = Automatic;
				CURRENT_PROJECT_VERSION = 1;
				DEVELOPMENT_ASSET_PATHS = "\"Threads/Preview Content\"";
				DEVELOPMENT_TEAM = 48SG7ZG46A;
				ENABLE_PREVIEWS = YES;
				GENERATE_INFOPLIST_FILE = YES;
				INFOPLIST_KEY_UIApplicationSceneManifest_Generation = YES;
				INFOPLIST_KEY_UIApplicationSupportsIndirectInputEvents = YES;
				INFOPLIST_KEY_UILaunchScreen_Generation = YES;
				INFOPLIST_KEY_UISupportedInterfaceOrientations_iPad = "UIInterfaceOrientationPortrait UIInterfaceOrientationPortraitUpsideDown UIInterfaceOrientationLandscapeLeft UIInterfaceOrientationLandscapeRight";
				INFOPLIST_KEY_UISupportedInterfaceOrientations_iPhone = "UIInterfaceOrientationPortrait UIInterfaceOrientationLandscapeLeft UIInterfaceOrientationLandscapeRight";
				LD_RUNPATH_SEARCH_PATHS = (
					"$(inherited)",
					"@executable_path/Frameworks",
				);
				MARKETING_VERSION = 1.0;
				PRODUCT_BUNDLE_IDENTIFIER = AristideLAUGA.Threads;
				PRODUCT_NAME = "$(TARGET_NAME)";
				SWIFT_EMIT_LOC_STRINGS = YES;
				SWIFT_VERSION = 5.0;
				TARGETED_DEVICE_FAMILY = "1,2";
			};
			name = Debug;
		};
		92AE3DDA2BC0C5E800F0F7D5 /* Release */ = {
			isa = XCBuildConfiguration;
			buildSettings = {
				ASSETCATALOG_COMPILER_APPICON_NAME = AppIcon;
				ASSETCATALOG_COMPILER_GLOBAL_ACCENT_COLOR_NAME = AccentColor;
				CODE_SIGN_STYLE = Automatic;
				CURRENT_PROJECT_VERSION = 1;
				DEVELOPMENT_ASSET_PATHS = "\"Threads/Preview Content\"";
				DEVELOPMENT_TEAM = 48SG7ZG46A;
				ENABLE_PREVIEWS = YES;
				GENERATE_INFOPLIST_FILE = YES;
				INFOPLIST_KEY_UIApplicationSceneManifest_Generation = YES;
				INFOPLIST_KEY_UIApplicationSupportsIndirectInputEvents = YES;
				INFOPLIST_KEY_UILaunchScreen_Generation = YES;
				INFOPLIST_KEY_UISupportedInterfaceOrientations_iPad = "UIInterfaceOrientationPortrait UIInterfaceOrientationPortraitUpsideDown UIInterfaceOrientationLandscapeLeft UIInterfaceOrientationLandscapeRight";
				INFOPLIST_KEY_UISupportedInterfaceOrientations_iPhone = "UIInterfaceOrientationPortrait UIInterfaceOrientationLandscapeLeft UIInterfaceOrientationLandscapeRight";
				LD_RUNPATH_SEARCH_PATHS = (
					"$(inherited)",
					"@executable_path/Frameworks",
				);
				MARKETING_VERSION = 1.0;
				PRODUCT_BUNDLE_IDENTIFIER = AristideLAUGA.Threads;
				PRODUCT_NAME = "$(TARGET_NAME)";
				SWIFT_EMIT_LOC_STRINGS = YES;
				SWIFT_VERSION = 5.0;
				TARGETED_DEVICE_FAMILY = "1,2";
			};
			name = Release;
		};
/* End XCBuildConfiguration section */

/* Begin XCConfigurationList section */
		92AE3DC02BC0C5E700F0F7D5 /* Build configuration list for PBXProject "Threads" */ = {
			isa = XCConfigurationList;
			buildConfigurations = (
				92AE3DD62BC0C5E800F0F7D5 /* Debug */,
				92AE3DD72BC0C5E800F0F7D5 /* Release */,
			);
			defaultConfigurationIsVisible = 0;
			defaultConfigurationName = Release;
		};
		92AE3DD82BC0C5E800F0F7D5 /* Build configuration list for PBXNativeTarget "Threads" */ = {
			isa = XCConfigurationList;
			buildConfigurations = (
				92AE3DD92BC0C5E800F0F7D5 /* Debug */,
				92AE3DDA2BC0C5E800F0F7D5 /* Release */,
			);
			defaultConfigurationIsVisible = 0;
			defaultConfigurationName = Release;
		};
/* End XCConfigurationList section */
	};
	rootObject = 92AE3DBD2BC0C5E700F0F7D5 /* Project object */;
}
